
Microsoft Visual Studio Solution File, Format Version 12.00
# Visual Studio Version 17
VisualStudioVersion = 17.9.34728.123
MinimumVisualStudioVersion = 10.0.40219.1
Project("{9A19103F-16F7-4668-BE54-9A1E7A4F7556}") = "AlphaWorkout", "AlphaWorkout.csproj", "{A0FF4CCA-6331-4457-A8C9-B853B29ED540}"
EndProject
Project("{FAE04EC0-301F-11D3-BF4B-00C04F79EFBC}") = "AlphaworkoutUnitTests", "..\AlphaworkoutUnitTests\AlphaworkoutUnitTests.csproj", "{3D034DBA-5838-40B3-86AB-CE12D3EF7AFD}"
EndProject
Global
	GlobalSection(SolutionConfigurationPlatforms) = preSolution
		Debug|Any CPU = Debug|Any CPU
		Release|Any CPU = Release|Any CPU
	EndGlobalSection
	GlobalSection(ProjectConfigurationPlatforms) = postSolution
		{A0FF4CCA-6331-4457-A8C9-B853B29ED540}.Debug|Any CPU.ActiveCfg = Debug|Any CPU
		{A0FF4CCA-6331-4457-A8C9-B853B29ED540}.Debug|Any CPU.Build.0 = Debug|Any CPU
		{A0FF4CCA-6331-4457-A8C9-B853B29ED540}.Release|Any CPU.ActiveCfg = Release|Any CPU
		{A0FF4CCA-6331-4457-A8C9-B853B29ED540}.Release|Any CPU.Build.0 = Release|Any CPU
		{3D034DBA-5838-40B3-86AB-CE12D3EF7AFD}.Debug|Any CPU.ActiveCfg = Debug|Any CPU
		{3D034DBA-5838-40B3-86AB-CE12D3EF7AFD}.Debug|Any CPU.Build.0 = Debug|Any CPU
		{3D034DBA-5838-40B3-86AB-CE12D3EF7AFD}.Release|Any CPU.ActiveCfg = Release|Any CPU
		{3D034DBA-5838-40B3-86AB-CE12D3EF7AFD}.Release|Any CPU.Build.0 = Release|Any CPU
	EndGlobalSection
	GlobalSection(SolutionProperties) = preSolution
		HideSolutionNode = FALSE
	EndGlobalSection
	GlobalSection(ExtensibilityGlobals) = postSolution
		SolutionGuid = {6E1202BA-6D47-496F-9DFB-09D267A2E92C}
	EndGlobalSection
EndGlobal
